
Microsoft Visual Studio Solution File, Format Version 12.00
# Visual Studio Version 17
VisualStudioVersion = 17.13.35931.197 d17.13
MinimumVisualStudioVersion = 10.0.40219.1
Project("{FAE04EC0-301F-11D3-BF4B-00C04F79EFBC}") = "RectangleArea", "RectangleArea.csproj", "{0132D0D7-E570-4C4F-9ECD-870F37E58414}"
EndProject
Global
	GlobalSection(SolutionConfigurationPlatforms) = preSolution
		Debug|Any CPU = Debug|Any CPU
		Release|Any CPU = Release|Any CPU
	EndGlobalSection
	GlobalSection(ProjectConfigurationPlatforms) = postSolution
		{0132D0D7-E570-4C4F-9ECD-870F37E58414}.Debug|Any CPU.ActiveCfg = Debug|Any CPU
		{0132D0D7-E570-4C4F-9ECD-870F37E58414}.Debug|Any CPU.Build.0 = Debug|Any CPU
		{0132D0D7-E570-4C4F-9ECD-870F37E58414}.Release|Any CPU.ActiveCfg = Release|Any CPU
		{0132D0D7-E570-4C4F-9ECD-870F37E58414}.Release|Any CPU.Build.0 = Release|Any CPU
	EndGlobalSection
	GlobalSection(SolutionProperties) = preSolution
		HideSolutionNode = FALSE
	EndGlobalSection
	GlobalSection(ExtensibilityGlobals) = postSolution
		SolutionGuid = {63BB5E2F-582B-4DA9-AD21-F8BBC3074950}
	EndGlobalSection
EndGlobal
