
Microsoft Visual Studio Solution File, Format Version 12.00
# Visual Studio Version 17
VisualStudioVersion = 17.13.35931.197 d17.13
MinimumVisualStudioVersion = 10.0.40219.1
Project("{FAE04EC0-301F-11D3-BF4B-00C04F79EFBC}") = "CinemaTicket", "CinemaTicket.csproj", "{9F04D8CD-32CB-4CAE-B857-5922D0ADC07B}"
EndProject
Global
	GlobalSection(SolutionConfigurationPlatforms) = preSolution
		Debug|Any CPU = Debug|Any CPU
		Release|Any CPU = Release|Any CPU
	EndGlobalSection
	GlobalSection(ProjectConfigurationPlatforms) = postSolution
		{9F04D8CD-32CB-4CAE-B857-5922D0ADC07B}.Debug|Any CPU.ActiveCfg = Debug|Any CPU
		{9F04D8CD-32CB-4CAE-B857-5922D0ADC07B}.Debug|Any CPU.Build.0 = Debug|Any CPU
		{9F04D8CD-32CB-4CAE-B857-5922D0ADC07B}.Release|Any CPU.ActiveCfg = Release|Any CPU
		{9F04D8CD-32CB-4CAE-B857-5922D0ADC07B}.Release|Any CPU.Build.0 = Release|Any CPU
	EndGlobalSection
	GlobalSection(SolutionProperties) = preSolution
		HideSolutionNode = FALSE
	EndGlobalSection
	GlobalSection(ExtensibilityGlobals) = postSolution
		SolutionGuid = {657E9B98-C5D7-47FA-9956-028A102B2849}
	EndGlobalSection
EndGlobal
