
Microsoft Visual Studio Solution File, Format Version 12.00
# Visual Studio Version 17
VisualStudioVersion = 17.14.36915.13 d17.14
MinimumVisualStudioVersion = 10.0.40219.1
Project("{FAE04EC0-301F-11D3-BF4B-00C04F79EFBC}") = "Numbers1toNWithStep3", "Numbers1toNWithStep3.csproj", "{4B02B1A0-86B4-4FA3-BF88-798D34F19B5B}"
EndProject
Global
	GlobalSection(SolutionConfigurationPlatforms) = preSolution
		Debug|Any CPU = Debug|Any CPU
		Release|Any CPU = Release|Any CPU
	EndGlobalSection
	GlobalSection(ProjectConfigurationPlatforms) = postSolution
		{4B02B1A0-86B4-4FA3-BF88-798D34F19B5B}.Debug|Any CPU.ActiveCfg = Debug|Any CPU
		{4B02B1A0-86B4-4FA3-BF88-798D34F19B5B}.Debug|Any CPU.Build.0 = Debug|Any CPU
		{4B02B1A0-86B4-4FA3-BF88-798D34F19B5B}.Release|Any CPU.ActiveCfg = Release|Any CPU
		{4B02B1A0-86B4-4FA3-BF88-798D34F19B5B}.Release|Any CPU.Build.0 = Release|Any CPU
	EndGlobalSection
	GlobalSection(SolutionProperties) = preSolution
		HideSolutionNode = FALSE
	EndGlobalSection
	GlobalSection(ExtensibilityGlobals) = postSolution
		SolutionGuid = {D6663888-2A86-4BCD-9C5E-5FE5B865FEDD}
	EndGlobalSection
EndGlobal
