
Microsoft Visual Studio Solution File, Format Version 12.00
# Visual Studio Version 17
VisualStudioVersion = 17.13.35931.197 d17.13
MinimumVisualStudioVersion = 10.0.40219.1
Project("{FAE04EC0-301F-11D3-BF4B-00C04F79EFBC}") = "InchesToCentimeters", "InchesToCentimeters.csproj", "{A2330724-91B0-42BF-B37C-C87C9C60E4C8}"
EndProject
Global
	GlobalSection(SolutionConfigurationPlatforms) = preSolution
		Debug|Any CPU = Debug|Any CPU
		Release|Any CPU = Release|Any CPU
	EndGlobalSection
	GlobalSection(ProjectConfigurationPlatforms) = postSolution
		{A2330724-91B0-42BF-B37C-C87C9C60E4C8}.Debug|Any CPU.ActiveCfg = Debug|Any CPU
		{A2330724-91B0-42BF-B37C-C87C9C60E4C8}.Debug|Any CPU.Build.0 = Debug|Any CPU
		{A2330724-91B0-42BF-B37C-C87C9C60E4C8}.Release|Any CPU.ActiveCfg = Release|Any CPU
		{A2330724-91B0-42BF-B37C-C87C9C60E4C8}.Release|Any CPU.Build.0 = Release|Any CPU
	EndGlobalSection
	GlobalSection(SolutionProperties) = preSolution
		HideSolutionNode = FALSE
	EndGlobalSection
	GlobalSection(ExtensibilityGlobals) = postSolution
		SolutionGuid = {D4609599-316B-4DC2-8689-30D5F750B058}
	EndGlobalSection
EndGlobal
