
Microsoft Visual Studio Solution File, Format Version 12.00
# Visual Studio Version 17
VisualStudioVersion = 17.13.35931.197 d17.13
MinimumVisualStudioVersion = 10.0.40219.1
Project("{FAE04EC0-301F-11D3-BF4B-00C04F79EFBC}") = "LunchBreak", "LunchBreak.csproj", "{A429A68C-D34B-444C-8467-2E3FB76270BB}"
EndProject
Global
	GlobalSection(SolutionConfigurationPlatforms) = preSolution
		Debug|Any CPU = Debug|Any CPU
		Release|Any CPU = Release|Any CPU
	EndGlobalSection
	GlobalSection(ProjectConfigurationPlatforms) = postSolution
		{A429A68C-D34B-444C-8467-2E3FB76270BB}.Debug|Any CPU.ActiveCfg = Debug|Any CPU
		{A429A68C-D34B-444C-8467-2E3FB76270BB}.Debug|Any CPU.Build.0 = Debug|Any CPU
		{A429A68C-D34B-444C-8467-2E3FB76270BB}.Release|Any CPU.ActiveCfg = Release|Any CPU
		{A429A68C-D34B-444C-8467-2E3FB76270BB}.Release|Any CPU.Build.0 = Release|Any CPU
	EndGlobalSection
	GlobalSection(SolutionProperties) = preSolution
		HideSolutionNode = FALSE
	EndGlobalSection
	GlobalSection(ExtensibilityGlobals) = postSolution
		SolutionGuid = {01BF4F3B-A2E1-4D27-BDED-2B4FF33818FE}
	EndGlobalSection
EndGlobal
