
Microsoft Visual Studio Solution File, Format Version 12.00
# Visual Studio Version 17
VisualStudioVersion = 17.13.35931.197 d17.13
MinimumVisualStudioVersion = 10.0.40219.1
Project("{FAE04EC0-301F-11D3-BF4B-00C04F79EFBC}") = "FishingBoat", "FishingBoat.csproj", "{33E6558C-837F-463E-A458-D53032E5002E}"
EndProject
Global
	GlobalSection(SolutionConfigurationPlatforms) = preSolution
		Debug|Any CPU = Debug|Any CPU
		Release|Any CPU = Release|Any CPU
	EndGlobalSection
	GlobalSection(ProjectConfigurationPlatforms) = postSolution
		{33E6558C-837F-463E-A458-D53032E5002E}.Debug|Any CPU.ActiveCfg = Debug|Any CPU
		{33E6558C-837F-463E-A458-D53032E5002E}.Debug|Any CPU.Build.0 = Debug|Any CPU
		{33E6558C-837F-463E-A458-D53032E5002E}.Release|Any CPU.ActiveCfg = Release|Any CPU
		{33E6558C-837F-463E-A458-D53032E5002E}.Release|Any CPU.Build.0 = Release|Any CPU
	EndGlobalSection
	GlobalSection(SolutionProperties) = preSolution
		HideSolutionNode = FALSE
	EndGlobalSection
	GlobalSection(ExtensibilityGlobals) = postSolution
		SolutionGuid = {108B170F-8639-4B29-B3F7-8624DDE9415D}
	EndGlobalSection
EndGlobal
