
Microsoft Visual Studio Solution File, Format Version 12.00
# Visual Studio Version 17
VisualStudioVersion = 17.13.35931.197 d17.13
MinimumVisualStudioVersion = 10.0.40219.1
Project("{FAE04EC0-301F-11D3-BF4B-00C04F79EFBC}") = "BonusScore", "BonusScore.csproj", "{8C901761-DB65-49DC-8A9F-3D683C8748C1}"
EndProject
Global
	GlobalSection(SolutionConfigurationPlatforms) = preSolution
		Debug|Any CPU = Debug|Any CPU
		Release|Any CPU = Release|Any CPU
	EndGlobalSection
	GlobalSection(ProjectConfigurationPlatforms) = postSolution
		{8C901761-DB65-49DC-8A9F-3D683C8748C1}.Debug|Any CPU.ActiveCfg = Debug|Any CPU
		{8C901761-DB65-49DC-8A9F-3D683C8748C1}.Debug|Any CPU.Build.0 = Debug|Any CPU
		{8C901761-DB65-49DC-8A9F-3D683C8748C1}.Release|Any CPU.ActiveCfg = Release|Any CPU
		{8C901761-DB65-49DC-8A9F-3D683C8748C1}.Release|Any CPU.Build.0 = Release|Any CPU
	EndGlobalSection
	GlobalSection(SolutionProperties) = preSolution
		HideSolutionNode = FALSE
	EndGlobalSection
	GlobalSection(ExtensibilityGlobals) = postSolution
		SolutionGuid = {0A72DFAD-EE03-4ED2-A636-0E4646DB91CA}
	EndGlobalSection
EndGlobal
