
Microsoft Visual Studio Solution File, Format Version 12.00
# Visual Studio Version 17
VisualStudioVersion = 17.13.35931.197 d17.13
MinimumVisualStudioVersion = 10.0.40219.1
Project("{FAE04EC0-301F-11D3-BF4B-00C04F79EFBC}") = "DepositCalculator", "DepositCalculator.csproj", "{2D553F56-5FDB-4834-9543-EEF099AC4FC9}"
EndProject
Global
	GlobalSection(SolutionConfigurationPlatforms) = preSolution
		Debug|Any CPU = Debug|Any CPU
		Release|Any CPU = Release|Any CPU
	EndGlobalSection
	GlobalSection(ProjectConfigurationPlatforms) = postSolution
		{2D553F56-5FDB-4834-9543-EEF099AC4FC9}.Debug|Any CPU.ActiveCfg = Debug|Any CPU
		{2D553F56-5FDB-4834-9543-EEF099AC4FC9}.Debug|Any CPU.Build.0 = Debug|Any CPU
		{2D553F56-5FDB-4834-9543-EEF099AC4FC9}.Release|Any CPU.ActiveCfg = Release|Any CPU
		{2D553F56-5FDB-4834-9543-EEF099AC4FC9}.Release|Any CPU.Build.0 = Release|Any CPU
	EndGlobalSection
	GlobalSection(SolutionProperties) = preSolution
		HideSolutionNode = FALSE
	EndGlobalSection
	GlobalSection(ExtensibilityGlobals) = postSolution
		SolutionGuid = {75F59A72-9F8C-447A-989E-C94DFBF32258}
	EndGlobalSection
EndGlobal
