
Microsoft Visual Studio Solution File, Format Version 12.00
# Visual Studio Version 17
VisualStudioVersion = 17.13.35931.197 d17.13
MinimumVisualStudioVersion = 10.0.40219.1
Project("{FAE04EC0-301F-11D3-BF4B-00C04F79EFBC}") = "FoodDelivery", "FoodDelivery.csproj", "{9E1E247B-32BC-4080-8F18-92135070AF4E}"
EndProject
Global
	GlobalSection(SolutionConfigurationPlatforms) = preSolution
		Debug|Any CPU = Debug|Any CPU
		Release|Any CPU = Release|Any CPU
	EndGlobalSection
	GlobalSection(ProjectConfigurationPlatforms) = postSolution
		{9E1E247B-32BC-4080-8F18-92135070AF4E}.Debug|Any CPU.ActiveCfg = Debug|Any CPU
		{9E1E247B-32BC-4080-8F18-92135070AF4E}.Debug|Any CPU.Build.0 = Debug|Any CPU
		{9E1E247B-32BC-4080-8F18-92135070AF4E}.Release|Any CPU.ActiveCfg = Release|Any CPU
		{9E1E247B-32BC-4080-8F18-92135070AF4E}.Release|Any CPU.Build.0 = Release|Any CPU
	EndGlobalSection
	GlobalSection(SolutionProperties) = preSolution
		HideSolutionNode = FALSE
	EndGlobalSection
	GlobalSection(ExtensibilityGlobals) = postSolution
		SolutionGuid = {1EE3873D-A2F4-42CA-9275-1F6163795D28}
	EndGlobalSection
EndGlobal
