
Microsoft Visual Studio Solution File, Format Version 12.00
# Visual Studio Version 17
VisualStudioVersion = 17.13.35931.197 d17.13
MinimumVisualStudioVersion = 10.0.40219.1
Project("{FAE04EC0-301F-11D3-BF4B-00C04F79EFBC}") = "OperationsBetweenNumbers", "OperationsBetweenNumbers.csproj", "{838E811C-D49C-4027-B199-E2F7E31CD537}"
EndProject
Global
	GlobalSection(SolutionConfigurationPlatforms) = preSolution
		Debug|Any CPU = Debug|Any CPU
		Release|Any CPU = Release|Any CPU
	EndGlobalSection
	GlobalSection(ProjectConfigurationPlatforms) = postSolution
		{838E811C-D49C-4027-B199-E2F7E31CD537}.Debug|Any CPU.ActiveCfg = Debug|Any CPU
		{838E811C-D49C-4027-B199-E2F7E31CD537}.Debug|Any CPU.Build.0 = Debug|Any CPU
		{838E811C-D49C-4027-B199-E2F7E31CD537}.Release|Any CPU.ActiveCfg = Release|Any CPU
		{838E811C-D49C-4027-B199-E2F7E31CD537}.Release|Any CPU.Build.0 = Release|Any CPU
	EndGlobalSection
	GlobalSection(SolutionProperties) = preSolution
		HideSolutionNode = FALSE
	EndGlobalSection
	GlobalSection(ExtensibilityGlobals) = postSolution
		SolutionGuid = {F8DF82DC-7EA9-4826-95EA-FC8436EEDD1F}
	EndGlobalSection
EndGlobal
