
Microsoft Visual Studio Solution File, Format Version 12.00
# Visual Studio Version 17
VisualStudioVersion = 17.13.35931.197 d17.13
MinimumVisualStudioVersion = 10.0.40219.1
Project("{FAE04EC0-301F-11D3-BF4B-00C04F79EFBC}") = "SmallShop", "SmallShop.csproj", "{72F099F3-934B-4FBB-B0F9-063340981092}"
EndProject
Global
	GlobalSection(SolutionConfigurationPlatforms) = preSolution
		Debug|Any CPU = Debug|Any CPU
		Release|Any CPU = Release|Any CPU
	EndGlobalSection
	GlobalSection(ProjectConfigurationPlatforms) = postSolution
		{72F099F3-934B-4FBB-B0F9-063340981092}.Debug|Any CPU.ActiveCfg = Debug|Any CPU
		{72F099F3-934B-4FBB-B0F9-063340981092}.Debug|Any CPU.Build.0 = Debug|Any CPU
		{72F099F3-934B-4FBB-B0F9-063340981092}.Release|Any CPU.ActiveCfg = Release|Any CPU
		{72F099F3-934B-4FBB-B0F9-063340981092}.Release|Any CPU.Build.0 = Release|Any CPU
	EndGlobalSection
	GlobalSection(SolutionProperties) = preSolution
		HideSolutionNode = FALSE
	EndGlobalSection
	GlobalSection(ExtensibilityGlobals) = postSolution
		SolutionGuid = {F07E286E-432F-4735-BC1C-1B9463162E45}
	EndGlobalSection
EndGlobal
