
Microsoft Visual Studio Solution File, Format Version 12.00
# Visual Studio Version 17
VisualStudioVersion = 17.13.35931.197 d17.13
MinimumVisualStudioVersion = 10.0.40219.1
Project("{FAE04EC0-301F-11D3-BF4B-00C04F79EFBC}") = "ToyShop", "ToyShop.csproj", "{9027CDCB-E2EB-42A1-9745-819D676A55DB}"
EndProject
Global
	GlobalSection(SolutionConfigurationPlatforms) = preSolution
		Debug|Any CPU = Debug|Any CPU
		Release|Any CPU = Release|Any CPU
	EndGlobalSection
	GlobalSection(ProjectConfigurationPlatforms) = postSolution
		{9027CDCB-E2EB-42A1-9745-819D676A55DB}.Debug|Any CPU.ActiveCfg = Debug|Any CPU
		{9027CDCB-E2EB-42A1-9745-819D676A55DB}.Debug|Any CPU.Build.0 = Debug|Any CPU
		{9027CDCB-E2EB-42A1-9745-819D676A55DB}.Release|Any CPU.ActiveCfg = Release|Any CPU
		{9027CDCB-E2EB-42A1-9745-819D676A55DB}.Release|Any CPU.Build.0 = Release|Any CPU
	EndGlobalSection
	GlobalSection(SolutionProperties) = preSolution
		HideSolutionNode = FALSE
	EndGlobalSection
	GlobalSection(ExtensibilityGlobals) = postSolution
		SolutionGuid = {706CCDCE-1446-4514-ABEB-1C9F1A8E8C13}
	EndGlobalSection
EndGlobal
