
Microsoft Visual Studio Solution File, Format Version 12.00
# Visual Studio Version 17
VisualStudioVersion = 17.13.35931.197 d17.13
MinimumVisualStudioVersion = 10.0.40219.1
Project("{FAE04EC0-301F-11D3-BF4B-00C04F79EFBC}") = "RadiansToDegrees", "RadiansToDegrees.csproj", "{8456F47B-3CAA-4FFB-98C4-D4BEA04879B9}"
EndProject
Global
	GlobalSection(SolutionConfigurationPlatforms) = preSolution
		Debug|Any CPU = Debug|Any CPU
		Release|Any CPU = Release|Any CPU
	EndGlobalSection
	GlobalSection(ProjectConfigurationPlatforms) = postSolution
		{8456F47B-3CAA-4FFB-98C4-D4BEA04879B9}.Debug|Any CPU.ActiveCfg = Debug|Any CPU
		{8456F47B-3CAA-4FFB-98C4-D4BEA04879B9}.Debug|Any CPU.Build.0 = Debug|Any CPU
		{8456F47B-3CAA-4FFB-98C4-D4BEA04879B9}.Release|Any CPU.ActiveCfg = Release|Any CPU
		{8456F47B-3CAA-4FFB-98C4-D4BEA04879B9}.Release|Any CPU.Build.0 = Release|Any CPU
	EndGlobalSection
	GlobalSection(SolutionProperties) = preSolution
		HideSolutionNode = FALSE
	EndGlobalSection
	GlobalSection(ExtensibilityGlobals) = postSolution
		SolutionGuid = {FA4A8AF4-8BC2-41E7-A136-E9161B4EB708}
	EndGlobalSection
EndGlobal
