
Microsoft Visual Studio Solution File, Format Version 12.00
# Visual Studio Version 17
VisualStudioVersion = 17.13.35931.197 d17.13
MinimumVisualStudioVersion = 10.0.40219.1
Project("{FAE04EC0-301F-11D3-BF4B-00C04F79EFBC}") = "VacationBooksList", "VacationBooksList.csproj", "{EE0C8C1C-B677-4270-AF51-2319DD0BC524}"
EndProject
Global
	GlobalSection(SolutionConfigurationPlatforms) = preSolution
		Debug|Any CPU = Debug|Any CPU
		Release|Any CPU = Release|Any CPU
	EndGlobalSection
	GlobalSection(ProjectConfigurationPlatforms) = postSolution
		{EE0C8C1C-B677-4270-AF51-2319DD0BC524}.Debug|Any CPU.ActiveCfg = Debug|Any CPU
		{EE0C8C1C-B677-4270-AF51-2319DD0BC524}.Debug|Any CPU.Build.0 = Debug|Any CPU
		{EE0C8C1C-B677-4270-AF51-2319DD0BC524}.Release|Any CPU.ActiveCfg = Release|Any CPU
		{EE0C8C1C-B677-4270-AF51-2319DD0BC524}.Release|Any CPU.Build.0 = Release|Any CPU
	EndGlobalSection
	GlobalSection(SolutionProperties) = preSolution
		HideSolutionNode = FALSE
	EndGlobalSection
	GlobalSection(ExtensibilityGlobals) = postSolution
		SolutionGuid = {D109161D-E02F-421B-8765-5AA359B2815F}
	EndGlobalSection
EndGlobal
