
Microsoft Visual Studio Solution File, Format Version 12.00
# Visual Studio Version 17
VisualStudioVersion = 17.13.35931.197 d17.13
MinimumVisualStudioVersion = 10.0.40219.1
Project("{FAE04EC0-301F-11D3-BF4B-00C04F79EFBC}") = "ProjectsCreation", "ProjectsCreation.csproj", "{A06CCC3E-E1DF-4783-92E1-41CB1D8C0FAC}"
EndProject
Global
	GlobalSection(SolutionConfigurationPlatforms) = preSolution
		Debug|Any CPU = Debug|Any CPU
		Release|Any CPU = Release|Any CPU
	EndGlobalSection
	GlobalSection(ProjectConfigurationPlatforms) = postSolution
		{A06CCC3E-E1DF-4783-92E1-41CB1D8C0FAC}.Debug|Any CPU.ActiveCfg = Debug|Any CPU
		{A06CCC3E-E1DF-4783-92E1-41CB1D8C0FAC}.Debug|Any CPU.Build.0 = Debug|Any CPU
		{A06CCC3E-E1DF-4783-92E1-41CB1D8C0FAC}.Release|Any CPU.ActiveCfg = Release|Any CPU
		{A06CCC3E-E1DF-4783-92E1-41CB1D8C0FAC}.Release|Any CPU.Build.0 = Release|Any CPU
	EndGlobalSection
	GlobalSection(SolutionProperties) = preSolution
		HideSolutionNode = FALSE
	EndGlobalSection
	GlobalSection(ExtensibilityGlobals) = postSolution
		SolutionGuid = {7F1ED642-F1AF-44DA-9485-62F8159DDF95}
	EndGlobalSection
EndGlobal
